
Microsoft Visual Studio Solution File, Format Version 12.00
# Visual Studio Version 16
VisualStudioVersion = 16.0.30804.86
MinimumVisualStudioVersion = 10.0.40219.1
Project("{9A19103F-16F7-4668-BE54-9A1E7A4F7556}") = "TomarForumUI", "TomarForum\TomarForumUI.csproj", "{CD5B53C7-EBB1-423F-840A-23FFD1E09EE6}"
EndProject
Project("{9A19103F-16F7-4668-BE54-9A1E7A4F7556}") = "TomarForumService", "TomarForumServices\TomarForumService.csproj", "{D03571BD-6BAD-4840-95C5-6E482B68AF09}"
EndProject
Project("{9A19103F-16F7-4668-BE54-9A1E7A4F7556}") = "TomarForumData", "TomarForumData\TomarForumData.csproj", "{B2A96961-4C9B-41CC-86D3-9298DD01FD11}"
EndProject
Project("{FAE04EC0-301F-11D3-BF4B-00C04F79EFBC}") = "TomarForumBLL", "TomarForumBLL\TomarForumBLL.csproj", "{D0DC9FEE-98AA-426C-942F-E694CDDCCC3A}"
EndProject
Project("{FAE04EC0-301F-11D3-BF4B-00C04F79EFBC}") = "TomarForumViewModel", "..\TomarForumViewModel\TomarForumViewModel.csproj", "{538E3647-B48D-4661-9FAC-ACB08F3A4A76}"
EndProject
Global
	GlobalSection(SolutionConfigurationPlatforms) = preSolution
		Debug|Any CPU = Debug|Any CPU
		Release|Any CPU = Release|Any CPU
	EndGlobalSection
	GlobalSection(ProjectConfigurationPlatforms) = postSolution
		{CD5B53C7-EBB1-423F-840A-23FFD1E09EE6}.Debug|Any CPU.ActiveCfg = Debug|Any CPU
		{CD5B53C7-EBB1-423F-840A-23FFD1E09EE6}.Debug|Any CPU.Build.0 = Debug|Any CPU
		{CD5B53C7-EBB1-423F-840A-23FFD1E09EE6}.Release|Any CPU.ActiveCfg = Release|Any CPU
		{CD5B53C7-EBB1-423F-840A-23FFD1E09EE6}.Release|Any CPU.Build.0 = Release|Any CPU
		{D03571BD-6BAD-4840-95C5-6E482B68AF09}.Debug|Any CPU.ActiveCfg = Debug|Any CPU
		{D03571BD-6BAD-4840-95C5-6E482B68AF09}.Debug|Any CPU.Build.0 = Debug|Any CPU
		{D03571BD-6BAD-4840-95C5-6E482B68AF09}.Release|Any CPU.ActiveCfg = Release|Any CPU
		{D03571BD-6BAD-4840-95C5-6E482B68AF09}.Release|Any CPU.Build.0 = Release|Any CPU
		{B2A96961-4C9B-41CC-86D3-9298DD01FD11}.Debug|Any CPU.ActiveCfg = Debug|Any CPU
		{B2A96961-4C9B-41CC-86D3-9298DD01FD11}.Debug|Any CPU.Build.0 = Debug|Any CPU
		{B2A96961-4C9B-41CC-86D3-9298DD01FD11}.Release|Any CPU.ActiveCfg = Release|Any CPU
		{B2A96961-4C9B-41CC-86D3-9298DD01FD11}.Release|Any CPU.Build.0 = Release|Any CPU
		{D0DC9FEE-98AA-426C-942F-E694CDDCCC3A}.Debug|Any CPU.ActiveCfg = Debug|Any CPU
		{D0DC9FEE-98AA-426C-942F-E694CDDCCC3A}.Debug|Any CPU.Build.0 = Debug|Any CPU
		{D0DC9FEE-98AA-426C-942F-E694CDDCCC3A}.Release|Any CPU.ActiveCfg = Release|Any CPU
		{D0DC9FEE-98AA-426C-942F-E694CDDCCC3A}.Release|Any CPU.Build.0 = Release|Any CPU
		{538E3647-B48D-4661-9FAC-ACB08F3A4A76}.Debug|Any CPU.ActiveCfg = Debug|Any CPU
		{538E3647-B48D-4661-9FAC-ACB08F3A4A76}.Debug|Any CPU.Build.0 = Debug|Any CPU
		{538E3647-B48D-4661-9FAC-ACB08F3A4A76}.Release|Any CPU.ActiveCfg = Release|Any CPU
		{538E3647-B48D-4661-9FAC-ACB08F3A4A76}.Release|Any CPU.Build.0 = Release|Any CPU
	EndGlobalSection
	GlobalSection(SolutionProperties) = preSolution
		HideSolutionNode = FALSE
	EndGlobalSection
	GlobalSection(ExtensibilityGlobals) = postSolution
		SolutionGuid = {18FFC4FA-104D-4D13-9091-CDC71EC18BBD}
	EndGlobalSection
EndGlobal
