
Microsoft Visual Studio Solution File, Format Version 12.00
# Visual Studio Version 16
VisualStudioVersion = 16.0.30804.86
MinimumVisualStudioVersion = 10.0.40219.1
Project("{FAE04EC0-301F-11D3-BF4B-00C04F79EFBC}") = "TomarUI", "..\Tomar\TomarUI\TomarUI.csproj", "{BF5427E7-CABB-4006-9DC9-55C6043F2DCB}"
EndProject
Project("{FAE04EC0-301F-11D3-BF4B-00C04F79EFBC}") = "TomarDAL", "..\Tomar\TomarDAL\TomarDAL.csproj", "{2A8646FA-DD55-44DD-BF52-BEE58ADA94A9}"
EndProject
Project("{FAE04EC0-301F-11D3-BF4B-00C04F79EFBC}") = "TomarService", "..\Tomar\TomarService\TomarService.csproj", "{1F9AFB8A-56C8-4272-B78A-12F21F13D40A}"
EndProject
Global
	GlobalSection(SolutionConfigurationPlatforms) = preSolution
		Debug|Any CPU = Debug|Any CPU
		Release|Any CPU = Release|Any CPU
	EndGlobalSection
	GlobalSection(ProjectConfigurationPlatforms) = postSolution
		{BF5427E7-CABB-4006-9DC9-55C6043F2DCB}.Debug|Any CPU.ActiveCfg = Debug|Any CPU
		{BF5427E7-CABB-4006-9DC9-55C6043F2DCB}.Debug|Any CPU.Build.0 = Debug|Any CPU
		{BF5427E7-CABB-4006-9DC9-55C6043F2DCB}.Release|Any CPU.ActiveCfg = Release|Any CPU
		{BF5427E7-CABB-4006-9DC9-55C6043F2DCB}.Release|Any CPU.Build.0 = Release|Any CPU
		{2A8646FA-DD55-44DD-BF52-BEE58ADA94A9}.Debug|Any CPU.ActiveCfg = Debug|Any CPU
		{2A8646FA-DD55-44DD-BF52-BEE58ADA94A9}.Debug|Any CPU.Build.0 = Debug|Any CPU
		{2A8646FA-DD55-44DD-BF52-BEE58ADA94A9}.Release|Any CPU.ActiveCfg = Release|Any CPU
		{2A8646FA-DD55-44DD-BF52-BEE58ADA94A9}.Release|Any CPU.Build.0 = Release|Any CPU
		{1F9AFB8A-56C8-4272-B78A-12F21F13D40A}.Debug|Any CPU.ActiveCfg = Debug|Any CPU
		{1F9AFB8A-56C8-4272-B78A-12F21F13D40A}.Debug|Any CPU.Build.0 = Debug|Any CPU
		{1F9AFB8A-56C8-4272-B78A-12F21F13D40A}.Release|Any CPU.ActiveCfg = Release|Any CPU
		{1F9AFB8A-56C8-4272-B78A-12F21F13D40A}.Release|Any CPU.Build.0 = Release|Any CPU
	EndGlobalSection
	GlobalSection(SolutionProperties) = preSolution
		HideSolutionNode = FALSE
	EndGlobalSection
	GlobalSection(ExtensibilityGlobals) = postSolution
		SolutionGuid = {134EAAE0-F7AB-447E-93BC-7648E685740F}
	EndGlobalSection
EndGlobal
