
Microsoft Visual Studio Solution File, Format Version 12.00
# Visual Studio Version 16
VisualStudioVersion = 16.0.30523.141
MinimumVisualStudioVersion = 10.0.40219.1
Project("{9A19103F-16F7-4668-BE54-9A1E7A4F7556}") = "TomarUI", "TomarUI\TomarUI.csproj", "{3DAEA7F2-FF11-42DE-8049-AD3D82085EA6}"
EndProject
Project("{9A19103F-16F7-4668-BE54-9A1E7A4F7556}") = "TomarData", "TomarData\TomarData.csproj", "{36B0BE12-A9BB-4D4B-A791-17E58234410C}"
EndProject
Project("{9A19103F-16F7-4668-BE54-9A1E7A4F7556}") = "TomarService", "TomarService\TomarService.csproj", "{ACCD96C0-8ECF-4401-8BDD-D137511B6FEF}"
EndProject
Global
	GlobalSection(SolutionConfigurationPlatforms) = preSolution
		Debug|Any CPU = Debug|Any CPU
		Release|Any CPU = Release|Any CPU
	EndGlobalSection
	GlobalSection(ProjectConfigurationPlatforms) = postSolution
		{3DAEA7F2-FF11-42DE-8049-AD3D82085EA6}.Debug|Any CPU.ActiveCfg = Debug|Any CPU
		{3DAEA7F2-FF11-42DE-8049-AD3D82085EA6}.Debug|Any CPU.Build.0 = Debug|Any CPU
		{3DAEA7F2-FF11-42DE-8049-AD3D82085EA6}.Release|Any CPU.ActiveCfg = Release|Any CPU
		{3DAEA7F2-FF11-42DE-8049-AD3D82085EA6}.Release|Any CPU.Build.0 = Release|Any CPU
		{36B0BE12-A9BB-4D4B-A791-17E58234410C}.Debug|Any CPU.ActiveCfg = Debug|Any CPU
		{36B0BE12-A9BB-4D4B-A791-17E58234410C}.Debug|Any CPU.Build.0 = Debug|Any CPU
		{36B0BE12-A9BB-4D4B-A791-17E58234410C}.Release|Any CPU.ActiveCfg = Release|Any CPU
		{36B0BE12-A9BB-4D4B-A791-17E58234410C}.Release|Any CPU.Build.0 = Release|Any CPU
		{ACCD96C0-8ECF-4401-8BDD-D137511B6FEF}.Debug|Any CPU.ActiveCfg = Debug|Any CPU
		{ACCD96C0-8ECF-4401-8BDD-D137511B6FEF}.Debug|Any CPU.Build.0 = Debug|Any CPU
		{ACCD96C0-8ECF-4401-8BDD-D137511B6FEF}.Release|Any CPU.ActiveCfg = Release|Any CPU
		{ACCD96C0-8ECF-4401-8BDD-D137511B6FEF}.Release|Any CPU.Build.0 = Release|Any CPU
	EndGlobalSection
	GlobalSection(SolutionProperties) = preSolution
		HideSolutionNode = FALSE
	EndGlobalSection
	GlobalSection(ExtensibilityGlobals) = postSolution
		SolutionGuid = {4A276213-6BBB-4251-869F-0C23B2DBFED0}
	EndGlobalSection
EndGlobal
